// !$*UTF8*$!
{
	archiveVersion = 1;
	classes = {
	};
	objectVersion = 46;
	objects = {

/* Begin PBXBuildFile section */
		67337C851EA1BC3700CD2994 /* ReportDetailViewController.swift in Sources */ = {isa = PBXBuildFile; fileRef = 67337C841EA1BC3700CD2994 /* ReportDetailViewController.swift */; };
		67337C891EA1C01400CD2994 /* ReportOverviewViewController.swift in Sources */ = {isa = PBXBuildFile; fileRef = 67337C881EA1C01400CD2994 /* ReportOverviewViewController.swift */; };
		67337C8B1EA1C0DA00CD2994 /* ReportSourcesTableViewController.swift in Sources */ = {isa = PBXBuildFile; fileRef = 67337C8A1EA1C0DA00CD2994 /* ReportSourcesTableViewController.swift */; };
		67356EA61E7E0E4200C81468 /* ReportsListTableViewCell.swift in Sources */ = {isa = PBXBuildFile; fileRef = 67356EA51E7E0E4200C81468 /* ReportsListTableViewCell.swift */; };
		6776CD451E8471FC00EDBBED /* ReportsListTableViewController.swift in Sources */ = {isa = PBXBuildFile; fileRef = 6776CD441E8471FC00EDBBED /* ReportsListTableViewController.swift */; };
		678731E71E4AC36200806884 /* AppDelegate.swift in Sources */ = {isa = PBXBuildFile; fileRef = 678731E61E4AC36200806884 /* AppDelegate.swift */; };
		678731E91E4AC36200806884 /* HomeViewController.swift in Sources */ = {isa = PBXBuildFile; fileRef = 678731E81E4AC36200806884 /* HomeViewController.swift */; };
		678731EC1E4AC36200806884 /* Main.storyboard in Resources */ = {isa = PBXBuildFile; fileRef = 678731EA1E4AC36200806884 /* Main.storyboard */; };
		678731EF1E4AC36200806884 /* NewsXplore.xcdatamodeld in Sources */ = {isa = PBXBuildFile; fileRef = 678731ED1E4AC36200806884 /* NewsXplore.xcdatamodeld */; };
		678731F11E4AC36200806884 /* Assets.xcassets in Resources */ = {isa = PBXBuildFile; fileRef = 678731F01E4AC36200806884 /* Assets.xcassets */; };
		678731F41E4AC36200806884 /* LaunchScreen.storyboard in Resources */ = {isa = PBXBuildFile; fileRef = 678731F21E4AC36200806884 /* LaunchScreen.storyboard */; };
		678731FF1E4AC36200806884 /* NewsXploreTests.swift in Sources */ = {isa = PBXBuildFile; fileRef = 678731FE1E4AC36200806884 /* NewsXploreTests.swift */; };
		6787320A1E4AC36200806884 /* NewsXploreUITests.swift in Sources */ = {isa = PBXBuildFile; fileRef = 678732091E4AC36200806884 /* NewsXploreUITests.swift */; };
		679ED6C11E94B3CF00F91868 /* StatusPoll+CoreDataClass.swift in Sources */ = {isa = PBXBuildFile; fileRef = 679ED6B91E94B3CF00F91868 /* StatusPoll+CoreDataClass.swift */; };
		679ED6C21E94B3CF00F91868 /* StatusPoll+CoreDataProperties.swift in Sources */ = {isa = PBXBuildFile; fileRef = 679ED6BA1E94B3CF00F91868 /* StatusPoll+CoreDataProperties.swift */; };
		679ED6C31E94B3CF00F91868 /* Tracking+CoreDataClass.swift in Sources */ = {isa = PBXBuildFile; fileRef = 679ED6BB1E94B3CF00F91868 /* Tracking+CoreDataClass.swift */; };
		679ED6C41E94B3CF00F91868 /* Tracking+CoreDataProperties.swift in Sources */ = {isa = PBXBuildFile; fileRef = 679ED6BC1E94B3CF00F91868 /* Tracking+CoreDataProperties.swift */; };
		679ED6C51E94B3CF00F91868 /* ServerResult+CoreDataClass.swift in Sources */ = {isa = PBXBuildFile; fileRef = 679ED6BD1E94B3CF00F91868 /* ServerResult+CoreDataClass.swift */; };
		679ED6C61E94B3CF00F91868 /* ServerResult+CoreDataProperties.swift in Sources */ = {isa = PBXBuildFile; fileRef = 679ED6BE1E94B3CF00F91868 /* ServerResult+CoreDataProperties.swift */; };
		679ED6CF1E94B43400F91868 /* ServerResultDictionary+CoreDataClass.swift in Sources */ = {isa = PBXBuildFile; fileRef = 679ED6CD1E94B43400F91868 /* ServerResultDictionary+CoreDataClass.swift */; };
		679ED6D01E94B43400F91868 /* ServerResultDictionary+CoreDataProperties.swift in Sources */ = {isa = PBXBuildFile; fileRef = 679ED6CE1E94B43400F91868 /* ServerResultDictionary+CoreDataProperties.swift */; };
		67F11E631EA5B95B0064811C /* NXUtil.swift in Sources */ = {isa = PBXBuildFile; fileRef = 67F11E621EA5B95B0064811C /* NXUtil.swift */; };
		67F11E651EA5D06A0064811C /* share-7.png in Resources */ = {isa = PBXBuildFile; fileRef = 67F11E641EA5D06A0064811C /* share-7.png */; };
		67FF6F801E9585CE0018EB73 /* CoreDataStack.swift in Sources */ = {isa = PBXBuildFile; fileRef = 67FF6F7F1E9585CE0018EB73 /* CoreDataStack.swift */; };
		67FF6F871E970E570018EB73 /* circle-user-7.png in Resources */ = {isa = PBXBuildFile; fileRef = 67FF6F861E970E570018EB73 /* circle-user-7.png */; };
		67FF6F891E970EAF0018EB73 /* file-three-7.png in Resources */ = {isa = PBXBuildFile; fileRef = 67FF6F881E970EAF0018EB73 /* file-three-7.png */; };
		67FF6F8B1E970ED60018EB73 /* home-7.png in Resources */ = {isa = PBXBuildFile; fileRef = 67FF6F8A1E970ED60018EB73 /* home-7.png */; };
		67FF6F8D1E981CCD0018EB73 /* results_mod.json in Resources */ = {isa = PBXBuildFile; fileRef = 67FF6F8C1E981CCD0018EB73 /* results_mod.json */; };
		C58E367DAB9F52AECDB7247F /* Pods_NewsXplore.framework in Frameworks */ = {isa = PBXBuildFile; fileRef = E94215E5104662B71F6C6953 /* Pods_NewsXplore.framework */; };
/* End PBXBuildFile section */

/* Begin PBXContainerItemProxy section */
		678731FB1E4AC36200806884 /* PBXContainerItemProxy */ = {
			isa = PBXContainerItemProxy;
			containerPortal = 678731DB1E4AC36200806884 /* Project object */;
			proxyType = 1;
			remoteGlobalIDString = 678731E21E4AC36200806884;
			remoteInfo = NewsXplore;
		};
		678732061E4AC36200806884 /* PBXContainerItemProxy */ = {
			isa = PBXContainerItemProxy;
			containerPortal = 678731DB1E4AC36200806884 /* Project object */;
			proxyType = 1;
			remoteGlobalIDString = 678731E21E4AC36200806884;
			remoteInfo = NewsXplore;
		};
/* End PBXContainerItemProxy section */

/* Begin PBXFileReference section */
		33C082DDFCB710A22EBAE4A6 /* Pods-NewsXplore.release.xcconfig */ = {isa = PBXFileReference; includeInIndex = 1; lastKnownFileType = text.xcconfig; name = "Pods-NewsXplore.release.xcconfig"; path = "Pods/Target Support Files/Pods-NewsXplore/Pods-NewsXplore.release.xcconfig"; sourceTree = "<group>"; };
		67337C841EA1BC3700CD2994 /* ReportDetailViewController.swift */ = {isa = PBXFileReference; fileEncoding = 4; lastKnownFileType = sourcecode.swift; path = ReportDetailViewController.swift; sourceTree = "<group>"; };
		67337C881EA1C01400CD2994 /* ReportOverviewViewController.swift */ = {isa = PBXFileReference; fileEncoding = 4; lastKnownFileType = sourcecode.swift; path = ReportOverviewViewController.swift; sourceTree = "<group>"; };
		67337C8A1EA1C0DA00CD2994 /* ReportSourcesTableViewController.swift */ = {isa = PBXFileReference; fileEncoding = 4; lastKnownFileType = sourcecode.swift; path = ReportSourcesTableViewController.swift; sourceTree = "<group>"; };
		67356EA51E7E0E4200C81468 /* ReportsListTableViewCell.swift */ = {isa = PBXFileReference; fileEncoding = 4; lastKnownFileType = sourcecode.swift; path = ReportsListTableViewCell.swift; sourceTree = "<group>"; };
		6776CD441E8471FC00EDBBED /* ReportsListTableViewController.swift */ = {isa = PBXFileReference; fileEncoding = 4; lastKnownFileType = sourcecode.swift; path = ReportsListTableViewController.swift; sourceTree = "<group>"; };
		678731E31E4AC36200806884 /* NewsXplore.app */ = {isa = PBXFileReference; explicitFileType = wrapper.application; includeInIndex = 0; path = NewsXplore.app; sourceTree = BUILT_PRODUCTS_DIR; };
		678731E61E4AC36200806884 /* AppDelegate.swift */ = {isa = PBXFileReference; lastKnownFileType = sourcecode.swift; path = AppDelegate.swift; sourceTree = "<group>"; };
		678731E81E4AC36200806884 /* HomeViewController.swift */ = {isa = PBXFileReference; lastKnownFileType = sourcecode.swift; path = HomeViewController.swift; sourceTree = "<group>"; };
		678731EB1E4AC36200806884 /* Base */ = {isa = PBXFileReference; lastKnownFileType = file.storyboard; name = Base; path = Base.lproj/Main.storyboard; sourceTree = "<group>"; };
		678731EE1E4AC36200806884 /* NewsXplore.xcdatamodel */ = {isa = PBXFileReference; lastKnownFileType = wrapper.xcdatamodel; path = NewsXplore.xcdatamodel; sourceTree = "<group>"; };
		678731F01E4AC36200806884 /* Assets.xcassets */ = {isa = PBXFileReference; lastKnownFileType = folder.assetcatalog; path = Assets.xcassets; sourceTree = "<group>"; };
		678731F31E4AC36200806884 /* Base */ = {isa = PBXFileReference; lastKnownFileType = file.storyboard; name = Base; path = Base.lproj/LaunchScreen.storyboard; sourceTree = "<group>"; };
		678731F51E4AC36200806884 /* Info.plist */ = {isa = PBXFileReference; lastKnownFileType = text.plist.xml; path = Info.plist; sourceTree = "<group>"; };
		678731FA1E4AC36200806884 /* NewsXploreTests.xctest */ = {isa = PBXFileReference; explicitFileType = wrapper.cfbundle; includeInIndex = 0; path = NewsXploreTests.xctest; sourceTree = BUILT_PRODUCTS_DIR; };
		678731FE1E4AC36200806884 /* NewsXploreTests.swift */ = {isa = PBXFileReference; lastKnownFileType = sourcecode.swift; path = NewsXploreTests.swift; sourceTree = "<group>"; };
		678732001E4AC36200806884 /* Info.plist */ = {isa = PBXFileReference; lastKnownFileType = text.plist.xml; path = Info.plist; sourceTree = "<group>"; };
		678732051E4AC36200806884 /* NewsXploreUITests.xctest */ = {isa = PBXFileReference; explicitFileType = wrapper.cfbundle; includeInIndex = 0; path = NewsXploreUITests.xctest; sourceTree = BUILT_PRODUCTS_DIR; };
		678732091E4AC36200806884 /* NewsXploreUITests.swift */ = {isa = PBXFileReference; lastKnownFileType = sourcecode.swift; path = NewsXploreUITests.swift; sourceTree = "<group>"; };
		6787320B1E4AC36200806884 /* Info.plist */ = {isa = PBXFileReference; lastKnownFileType = text.plist.xml; path = Info.plist; sourceTree = "<group>"; };
		679ED6B91E94B3CF00F91868 /* StatusPoll+CoreDataClass.swift */ = {isa = PBXFileReference; fileEncoding = 4; lastKnownFileType = sourcecode.swift; path = "StatusPoll+CoreDataClass.swift"; sourceTree = "<group>"; };
		679ED6BA1E94B3CF00F91868 /* StatusPoll+CoreDataProperties.swift */ = {isa = PBXFileReference; fileEncoding = 4; lastKnownFileType = sourcecode.swift; path = "StatusPoll+CoreDataProperties.swift"; sourceTree = "<group>"; };
		679ED6BB1E94B3CF00F91868 /* Tracking+CoreDataClass.swift */ = {isa = PBXFileReference; fileEncoding = 4; lastKnownFileType = sourcecode.swift; path = "Tracking+CoreDataClass.swift"; sourceTree = "<group>"; };
		679ED6BC1E94B3CF00F91868 /* Tracking+CoreDataProperties.swift */ = {isa = PBXFileReference; fileEncoding = 4; lastKnownFileType = sourcecode.swift; path = "Tracking+CoreDataProperties.swift"; sourceTree = "<group>"; };
		679ED6BD1E94B3CF00F91868 /* ServerResult+CoreDataClass.swift */ = {isa = PBXFileReference; fileEncoding = 4; lastKnownFileType = sourcecode.swift; path = "ServerResult+CoreDataClass.swift"; sourceTree = "<group>"; };
		679ED6BE1E94B3CF00F91868 /* ServerResult+CoreDataProperties.swift */ = {isa = PBXFileReference; fileEncoding = 4; lastKnownFileType = sourcecode.swift; path = "ServerResult+CoreDataProperties.swift"; sourceTree = "<group>"; };
		679ED6CD1E94B43400F91868 /* ServerResultDictionary+CoreDataClass.swift */ = {isa = PBXFileReference; fileEncoding = 4; lastKnownFileType = sourcecode.swift; path = "ServerResultDictionary+CoreDataClass.swift"; sourceTree = "<group>"; };
		679ED6CE1E94B43400F91868 /* ServerResultDictionary+CoreDataProperties.swift */ = {isa = PBXFileReference; fileEncoding = 4; lastKnownFileType = sourcecode.swift; path = "ServerResultDictionary+CoreDataProperties.swift"; sourceTree = "<group>"; };
		67D734EA1E995CBD0056A3B2 /* NewsXplore.entitlements */ = {isa = PBXFileReference; lastKnownFileType = text.plist.entitlements; path = NewsXplore.entitlements; sourceTree = "<group>"; };
		67F11E621EA5B95B0064811C /* NXUtil.swift */ = {isa = PBXFileReference; fileEncoding = 4; lastKnownFileType = sourcecode.swift; path = NXUtil.swift; sourceTree = "<group>"; };
		67F11E641EA5D06A0064811C /* share-7.png */ = {isa = PBXFileReference; lastKnownFileType = image.png; path = "share-7.png"; sourceTree = "<group>"; };
		67FF6F7F1E9585CE0018EB73 /* CoreDataStack.swift */ = {isa = PBXFileReference; fileEncoding = 4; lastKnownFileType = sourcecode.swift; path = CoreDataStack.swift; sourceTree = "<group>"; };
		67FF6F861E970E570018EB73 /* circle-user-7.png */ = {isa = PBXFileReference; lastKnownFileType = image.png; name = "circle-user-7.png"; path = "../../iconbeast-lite-200/iconbeast lite 200 - png/circle-user-7.png"; sourceTree = "<group>"; };
		67FF6F881E970EAF0018EB73 /* file-three-7.png */ = {isa = PBXFileReference; lastKnownFileType = image.png; name = "file-three-7.png"; path = "../../iconbeast-lite-200/iconbeast lite 200 - png/file-three-7.png"; sourceTree = "<group>"; };
		67FF6F8A1E970ED60018EB73 /* home-7.png */ = {isa = PBXFileReference; lastKnownFileType = image.png; name = "home-7.png"; path = "../../iconbeast-lite-200/iconbeast lite 200 - png/home-7.png"; sourceTree = "<group>"; };
		67FF6F8C1E981CCD0018EB73 /* results_mod.json */ = {isa = PBXFileReference; fileEncoding = 4; lastKnownFileType = text.json; name = results_mod.json; path = ../../../../results_mod.json; sourceTree = "<group>"; };
		D4D9EFC37A779C2E7E58FDB8 /* Pods-NewsXplore.debug.xcconfig */ = {isa = PBXFileReference; includeInIndex = 1; lastKnownFileType = text.xcconfig; name = "Pods-NewsXplore.debug.xcconfig"; path = "Pods/Target Support Files/Pods-NewsXplore/Pods-NewsXplore.debug.xcconfig"; sourceTree = "<group>"; };
		E94215E5104662B71F6C6953 /* Pods_NewsXplore.framework */ = {isa = PBXFileReference; explicitFileType = wrapper.framework; includeInIndex = 0; path = Pods_NewsXplore.framework; sourceTree = BUILT_PRODUCTS_DIR; };
/* End PBXFileReference section */

/* Begin PBXFrameworksBuildPhase section */
		678731E01E4AC36200806884 /* Frameworks */ = {
			isa = PBXFrameworksBuildPhase;
			buildActionMask = 2147483647;
			files = (
				C58E367DAB9F52AECDB7247F /* Pods_NewsXplore.framework in Frameworks */,
			);
			runOnlyForDeploymentPostprocessing = 0;
		};
		678731F71E4AC36200806884 /* Frameworks */ = {
			isa = PBXFrameworksBuildPhase;
			buildActionMask = 2147483647;
			files = (
			);
			runOnlyForDeploymentPostprocessing = 0;
		};
		678732021E4AC36200806884 /* Frameworks */ = {
			isa = PBXFrameworksBuildPhase;
			buildActionMask = 2147483647;
			files = (
			);
			runOnlyForDeploymentPostprocessing = 0;
		};
/* End PBXFrameworksBuildPhase section */

/* Begin PBXGroup section */
		67337C861EA1BC4700CD2994 /* Reports */ = {
			isa = PBXGroup;
			children = (
				67337C871EA1BC5700CD2994 /* ReportDetails */,
				6776CD461E84723800EDBBED /* ReportsList */,
			);
			name = Reports;
			sourceTree = "<group>";
		};
		67337C871EA1BC5700CD2994 /* ReportDetails */ = {
			isa = PBXGroup;
			children = (
				67337C841EA1BC3700CD2994 /* ReportDetailViewController.swift */,
				67337C881EA1C01400CD2994 /* ReportOverviewViewController.swift */,
				67337C8A1EA1C0DA00CD2994 /* ReportSourcesTableViewController.swift */,
			);
			name = ReportDetails;
			sourceTree = "<group>";
		};
		6776CD461E84723800EDBBED /* ReportsList */ = {
			isa = PBXGroup;
			children = (
				67356EA51E7E0E4200C81468 /* ReportsListTableViewCell.swift */,
				6776CD441E8471FC00EDBBED /* ReportsListTableViewController.swift */,
			);
			name = ReportsList;
			sourceTree = "<group>";
		};
		6776CD471E84724400EDBBED /* Core */ = {
			isa = PBXGroup;
			children = (
				678731E61E4AC36200806884 /* AppDelegate.swift */,
				678731E81E4AC36200806884 /* HomeViewController.swift */,
			);
			name = Core;
			sourceTree = "<group>";
		};
		6776CD481E84729900EDBBED /* Storyboard */ = {
			isa = PBXGroup;
			children = (
				678731EA1E4AC36200806884 /* Main.storyboard */,
				678731F21E4AC36200806884 /* LaunchScreen.storyboard */,
			);
			name = Storyboard;
			sourceTree = "<group>";
		};
		678731DA1E4AC36200806884 = {
			isa = PBXGroup;
			children = (
				678731E51E4AC36200806884 /* NewsXplore */,
				678731FD1E4AC36200806884 /* NewsXploreTests */,
				678732081E4AC36200806884 /* NewsXploreUITests */,
				678731E41E4AC36200806884 /* Products */,
				ACF3169EE2BAD2C5A407C6D1 /* Pods */,
				F17C984CD09B2131C54322B4 /* Frameworks */,
			);
			sourceTree = "<group>";
		};
		678731E41E4AC36200806884 /* Products */ = {
			isa = PBXGroup;
			children = (
				678731E31E4AC36200806884 /* NewsXplore.app */,
				678731FA1E4AC36200806884 /* NewsXploreTests.xctest */,
				678732051E4AC36200806884 /* NewsXploreUITests.xctest */,
			);
			name = Products;
			sourceTree = "<group>";
		};
		678731E51E4AC36200806884 /* NewsXplore */ = {
			isa = PBXGroup;
			children = (
				67D734EA1E995CBD0056A3B2 /* NewsXplore.entitlements */,
				67FF6F851E970DCF0018EB73 /* IconResources */,
				679ED6B81E94B3A900F91868 /* CoreData */,
				6776CD471E84724400EDBBED /* Core */,
				67337C861EA1BC4700CD2994 /* Reports */,
				67F11E611EA5B93D0064811C /* Util */,
				6776CD481E84729900EDBBED /* Storyboard */,
				678731F01E4AC36200806884 /* Assets.xcassets */,
				678731F51E4AC36200806884 /* Info.plist */,
			);
			path = NewsXplore;
			sourceTree = "<group>";
		};
		678731FD1E4AC36200806884 /* NewsXploreTests */ = {
			isa = PBXGroup;
			children = (
				678731FE1E4AC36200806884 /* NewsXploreTests.swift */,
				678732001E4AC36200806884 /* Info.plist */,
			);
			path = NewsXploreTests;
			sourceTree = "<group>";
		};
		678732081E4AC36200806884 /* NewsXploreUITests */ = {
			isa = PBXGroup;
			children = (
				678732091E4AC36200806884 /* NewsXploreUITests.swift */,
				6787320B1E4AC36200806884 /* Info.plist */,
			);
			path = NewsXploreUITests;
			sourceTree = "<group>";
		};
		679ED6B81E94B3A900F91868 /* CoreData */ = {
			isa = PBXGroup;
			children = (
				67FF6F8C1E981CCD0018EB73 /* results_mod.json */,
				679ED6C91E94B3E700F91868 /* StatusPoll */,
				679ED6CA1E94B3F200F91868 /* Tracking */,
				679ED6CB1E94B3F900F91868 /* ServerResult */,
				679ED6CC1E94B40000F91868 /* ServerResultDictionary */,
				678731ED1E4AC36200806884 /* NewsXplore.xcdatamodeld */,
				67FF6F7F1E9585CE0018EB73 /* CoreDataStack.swift */,
			);
			name = CoreData;
			sourceTree = "<group>";
		};
		679ED6C91E94B3E700F91868 /* StatusPoll */ = {
			isa = PBXGroup;
			children = (
				679ED6B91E94B3CF00F91868 /* StatusPoll+CoreDataClass.swift */,
				679ED6BA1E94B3CF00F91868 /* StatusPoll+CoreDataProperties.swift */,
			);
			name = StatusPoll;
			sourceTree = "<group>";
		};
		679ED6CA1E94B3F200F91868 /* Tracking */ = {
			isa = PBXGroup;
			children = (
				679ED6BB1E94B3CF00F91868 /* Tracking+CoreDataClass.swift */,
				679ED6BC1E94B3CF00F91868 /* Tracking+CoreDataProperties.swift */,
			);
			name = Tracking;
			sourceTree = "<group>";
		};
		679ED6CB1E94B3F900F91868 /* ServerResult */ = {
			isa = PBXGroup;
			children = (
				679ED6BD1E94B3CF00F91868 /* ServerResult+CoreDataClass.swift */,
				679ED6BE1E94B3CF00F91868 /* ServerResult+CoreDataProperties.swift */,
			);
			name = ServerResult;
			sourceTree = "<group>";
		};
		679ED6CC1E94B40000F91868 /* ServerResultDictionary */ = {
			isa = PBXGroup;
			children = (
				679ED6CD1E94B43400F91868 /* ServerResultDictionary+CoreDataClass.swift */,
				679ED6CE1E94B43400F91868 /* ServerResultDictionary+CoreDataProperties.swift */,
			);
			name = ServerResultDictionary;
			sourceTree = "<group>";
		};
		67F11E611EA5B93D0064811C /* Util */ = {
			isa = PBXGroup;
			children = (
				67F11E621EA5B95B0064811C /* NXUtil.swift */,
			);
			name = Util;
			sourceTree = "<group>";
		};
		67FF6F851E970DCF0018EB73 /* IconResources */ = {
			isa = PBXGroup;
			children = (
				67FF6F8A1E970ED60018EB73 /* home-7.png */,
				67FF6F881E970EAF0018EB73 /* file-three-7.png */,
				67FF6F861E970E570018EB73 /* circle-user-7.png */,
				67F11E641EA5D06A0064811C /* share-7.png */,
			);
			name = IconResources;
			sourceTree = "<group>";
		};
		ACF3169EE2BAD2C5A407C6D1 /* Pods */ = {
			isa = PBXGroup;
			children = (
				D4D9EFC37A779C2E7E58FDB8 /* Pods-NewsXplore.debug.xcconfig */,
				33C082DDFCB710A22EBAE4A6 /* Pods-NewsXplore.release.xcconfig */,
			);
			name = Pods;
			sourceTree = "<group>";
		};
		F17C984CD09B2131C54322B4 /* Frameworks */ = {
			isa = PBXGroup;
			children = (
				E94215E5104662B71F6C6953 /* Pods_NewsXplore.framework */,
			);
			name = Frameworks;
			sourceTree = "<group>";
		};
/* End PBXGroup section */

/* Begin PBXNativeTarget section */
		678731E21E4AC36200806884 /* NewsXplore */ = {
			isa = PBXNativeTarget;
			buildConfigurationList = 6787320E1E4AC36200806884 /* Build configuration list for PBXNativeTarget "NewsXplore" */;
			buildPhases = (
				9F5A558068D9EDC27E980C0D /* [CP] Check Pods Manifest.lock */,
				678731DF1E4AC36200806884 /* Sources */,
				678731E01E4AC36200806884 /* Frameworks */,
				678731E11E4AC36200806884 /* Resources */,
				09280DE3103E6344CF43807E /* [CP] Embed Pods Frameworks */,
				CBF5E87900D8C842633ED943 /* [CP] Copy Pods Resources */,
			);
			buildRules = (
			);
			dependencies = (
			);
			name = NewsXplore;
			productName = NewsXplore;
			productReference = 678731E31E4AC36200806884 /* NewsXplore.app */;
			productType = "com.apple.product-type.application";
		};
		678731F91E4AC36200806884 /* NewsXploreTests */ = {
			isa = PBXNativeTarget;
			buildConfigurationList = 678732111E4AC36200806884 /* Build configuration list for PBXNativeTarget "NewsXploreTests" */;
			buildPhases = (
				678731F61E4AC36200806884 /* Sources */,
				678731F71E4AC36200806884 /* Frameworks */,
				678731F81E4AC36200806884 /* Resources */,
			);
			buildRules = (
			);
			dependencies = (
				678731FC1E4AC36200806884 /* PBXTargetDependency */,
			);
			name = NewsXploreTests;
			productName = NewsXploreTests;
			productReference = 678731FA1E4AC36200806884 /* NewsXploreTests.xctest */;
			productType = "com.apple.product-type.bundle.unit-test";
		};
		678732041E4AC36200806884 /* NewsXploreUITests */ = {
			isa = PBXNativeTarget;
			buildConfigurationList = 678732141E4AC36200806884 /* Build configuration list for PBXNativeTarget "NewsXploreUITests" */;
			buildPhases = (
				678732011E4AC36200806884 /* Sources */,
				678732021E4AC36200806884 /* Frameworks */,
				678732031E4AC36200806884 /* Resources */,
			);
			buildRules = (
			);
			dependencies = (
				678732071E4AC36200806884 /* PBXTargetDependency */,
			);
			name = NewsXploreUITests;
			productName = NewsXploreUITests;
			productReference = 678732051E4AC36200806884 /* NewsXploreUITests.xctest */;
			productType = "com.apple.product-type.bundle.ui-testing";
		};
/* End PBXNativeTarget section */

/* Begin PBXProject section */
		678731DB1E4AC36200806884 /* Project object */ = {
			isa = PBXProject;
			attributes = {
				LastSwiftUpdateCheck = 0820;
				LastUpgradeCheck = 0820;
				ORGANIZATIONNAME = NewsXplore;
				TargetAttributes = {
					678731E21E4AC36200806884 = {
						CreatedOnToolsVersion = 8.2.1;
						DevelopmentTeam = 4FNJNUQ3AD;
						ProvisioningStyle = Automatic;
						SystemCapabilities = {
							com.apple.Push = {
								enabled = 1;
							};
						};
					};
					678731F91E4AC36200806884 = {
						CreatedOnToolsVersion = 8.2.1;
						DevelopmentTeam = MB545KRNCQ;
						ProvisioningStyle = Automatic;
						TestTargetID = 678731E21E4AC36200806884;
					};
					678732041E4AC36200806884 = {
						CreatedOnToolsVersion = 8.2.1;
						DevelopmentTeam = MB545KRNCQ;
						ProvisioningStyle = Automatic;
						TestTargetID = 678731E21E4AC36200806884;
					};
				};
			};
			buildConfigurationList = 678731DE1E4AC36200806884 /* Build configuration list for PBXProject "NewsXplore" */;
			compatibilityVersion = "Xcode 3.2";
			developmentRegion = English;
			hasScannedForEncodings = 0;
			knownRegions = (
				en,
				Base,
			);
			mainGroup = 678731DA1E4AC36200806884;
			productRefGroup = 678731E41E4AC36200806884 /* Products */;
			projectDirPath = "";
			projectRoot = "";
			targets = (
				678731E21E4AC36200806884 /* NewsXplore */,
				678731F91E4AC36200806884 /* NewsXploreTests */,
				678732041E4AC36200806884 /* NewsXploreUITests */,
			);
		};
/* End PBXProject section */

/* Begin PBXResourcesBuildPhase section */
		678731E11E4AC36200806884 /* Resources */ = {
			isa = PBXResourcesBuildPhase;
			buildActionMask = 2147483647;
			files = (
				67FF6F871E970E570018EB73 /* circle-user-7.png in Resources */,
				678731F41E4AC36200806884 /* LaunchScreen.storyboard in Resources */,
				67FF6F891E970EAF0018EB73 /* file-three-7.png in Resources */,
				67FF6F8D1E981CCD0018EB73 /* results_mod.json in Resources */,
				67FF6F8B1E970ED60018EB73 /* home-7.png in Resources */,
				67F11E651EA5D06A0064811C /* share-7.png in Resources */,
				678731F11E4AC36200806884 /* Assets.xcassets in Resources */,
				678731EC1E4AC36200806884 /* Main.storyboard in Resources */,
			);
			runOnlyForDeploymentPostprocessing = 0;
		};
		678731F81E4AC36200806884 /* Resources */ = {
			isa = PBXResourcesBuildPhase;
			buildActionMask = 2147483647;
			files = (
			);
			runOnlyForDeploymentPostprocessing = 0;
		};
		678732031E4AC36200806884 /* Resources */ = {
			isa = PBXResourcesBuildPhase;
			buildActionMask = 2147483647;
			files = (
			);
			runOnlyForDeploymentPostprocessing = 0;
		};
/* End PBXResourcesBuildPhase section */

/* Begin PBXShellScriptBuildPhase section */
		09280DE3103E6344CF43807E /* [CP] Embed Pods Frameworks */ = {
			isa = PBXShellScriptBuildPhase;
			buildActionMask = 2147483647;
			files = (
			);
			inputPaths = (
			);
			name = "[CP] Embed Pods Frameworks";
			outputPaths = (
			);
			runOnlyForDeploymentPostprocessing = 0;
			shellPath = /bin/sh;
			shellScript = "\"${SRCROOT}/Pods/Target Support Files/Pods-NewsXplore/Pods-NewsXplore-frameworks.sh\"\n";
			showEnvVarsInLog = 0;
		};
		9F5A558068D9EDC27E980C0D /* [CP] Check Pods Manifest.lock */ = {
			isa = PBXShellScriptBuildPhase;
			buildActionMask = 2147483647;
			files = (
			);
			inputPaths = (
			);
			name = "[CP] Check Pods Manifest.lock";
			outputPaths = (
			);
			runOnlyForDeploymentPostprocessing = 0;
			shellPath = /bin/sh;
			shellScript = "diff \"${PODS_ROOT}/../Podfile.lock\" \"${PODS_ROOT}/Manifest.lock\" > /dev/null\nif [ $? != 0 ] ; then\n    # print error to STDERR\n    echo \"error: The sandbox is not in sync with the Podfile.lock. Run 'pod install' or update your CocoaPods installation.\" >&2\n    exit 1\nfi\n";
			showEnvVarsInLog = 0;
		};
		CBF5E87900D8C842633ED943 /* [CP] Copy Pods Resources */ = {
			isa = PBXShellScriptBuildPhase;
			buildActionMask = 2147483647;
			files = (
			);
			inputPaths = (
			);
			name = "[CP] Copy Pods Resources";
			outputPaths = (
			);
			runOnlyForDeploymentPostprocessing = 0;
			shellPath = /bin/sh;
			shellScript = "\"${SRCROOT}/Pods/Target Support Files/Pods-NewsXplore/Pods-NewsXplore-resources.sh\"\n";
			showEnvVarsInLog = 0;
		};
/* End PBXShellScriptBuildPhase section */

/* Begin PBXSourcesBuildPhase section */
		678731DF1E4AC36200806884 /* Sources */ = {
			isa = PBXSourcesBuildPhase;
			buildActionMask = 2147483647;
			files = (
				679ED6C41E94B3CF00F91868 /* Tracking+CoreDataProperties.swift in Sources */,
				678731EF1E4AC36200806884 /* NewsXplore.xcdatamodeld in Sources */,
				679ED6C61E94B3CF00F91868 /* ServerResult+CoreDataProperties.swift in Sources */,
				67F11E631EA5B95B0064811C /* NXUtil.swift in Sources */,
				679ED6D01E94B43400F91868 /* ServerResultDictionary+CoreDataProperties.swift in Sources */,
				6776CD451E8471FC00EDBBED /* ReportsListTableViewController.swift in Sources */,
				679ED6C21E94B3CF00F91868 /* StatusPoll+CoreDataProperties.swift in Sources */,
				67337C851EA1BC3700CD2994 /* ReportDetailViewController.swift in Sources */,
				679ED6C51E94B3CF00F91868 /* ServerResult+CoreDataClass.swift in Sources */,
				67FF6F801E9585CE0018EB73 /* CoreDataStack.swift in Sources */,
				67337C8B1EA1C0DA00CD2994 /* ReportSourcesTableViewController.swift in Sources */,
				678731E91E4AC36200806884 /* HomeViewController.swift in Sources */,
				678731E71E4AC36200806884 /* AppDelegate.swift in Sources */,
				67337C891EA1C01400CD2994 /* ReportOverviewViewController.swift in Sources */,
				679ED6C11E94B3CF00F91868 /* StatusPoll+CoreDataClass.swift in Sources */,
				679ED6CF1E94B43400F91868 /* ServerResultDictionary+CoreDataClass.swift in Sources */,
				679ED6C31E94B3CF00F91868 /* Tracking+CoreDataClass.swift in Sources */,
				67356EA61E7E0E4200C81468 /* ReportsListTableViewCell.swift in Sources */,
			);
			runOnlyForDeploymentPostprocessing = 0;
		};
		678731F61E4AC36200806884 /* Sources */ = {
			isa = PBXSourcesBuildPhase;
			buildActionMask = 2147483647;
			files = (
				678731FF1E4AC36200806884 /* NewsXploreTests.swift in Sources */,
			);
			runOnlyForDeploymentPostprocessing = 0;
		};
		678732011E4AC36200806884 /* Sources */ = {
			isa = PBXSourcesBuildPhase;
			buildActionMask = 2147483647;
			files = (
				6787320A1E4AC36200806884 /* NewsXploreUITests.swift in Sources */,
			);
			runOnlyForDeploymentPostprocessing = 0;
		};
/* End PBXSourcesBuildPhase section */

/* Begin PBXTargetDependency section */
		678731FC1E4AC36200806884 /* PBXTargetDependency */ = {
			isa = PBXTargetDependency;
			target = 678731E21E4AC36200806884 /* NewsXplore */;
			targetProxy = 678731FB1E4AC36200806884 /* PBXContainerItemProxy */;
		};
		678732071E4AC36200806884 /* PBXTargetDependency */ = {
			isa = PBXTargetDependency;
			target = 678731E21E4AC36200806884 /* NewsXplore */;
			targetProxy = 678732061E4AC36200806884 /* PBXContainerItemProxy */;
		};
/* End PBXTargetDependency section */

/* Begin PBXVariantGroup section */
		678731EA1E4AC36200806884 /* Main.storyboard */ = {
			isa = PBXVariantGroup;
			children = (
				678731EB1E4AC36200806884 /* Base */,
			);
			name = Main.storyboard;
			sourceTree = "<group>";
		};
		678731F21E4AC36200806884 /* LaunchScreen.storyboard */ = {
			isa = PBXVariantGroup;
			children = (
				678731F31E4AC36200806884 /* Base */,
			);
			name = LaunchScreen.storyboard;
			sourceTree = "<group>";
		};
/* End PBXVariantGroup section */

/* Begin XCBuildConfiguration section */
		6787320C1E4AC36200806884 /* Debug */ = {
			isa = XCBuildConfiguration;
			buildSettings = {
				ALWAYS_SEARCH_USER_PATHS = NO;
				CLANG_ANALYZER_NONNULL = YES;
				CLANG_CXX_LANGUAGE_STANDARD = "gnu++0x";
				CLANG_CXX_LIBRARY = "libc++";
				CLANG_ENABLE_MODULES = YES;
				CLANG_ENABLE_OBJC_ARC = YES;
				CLANG_WARN_BOOL_CONVERSION = YES;
				CLANG_WARN_CONSTANT_CONVERSION = YES;
				CLANG_WARN_DIRECT_OBJC_ISA_USAGE = YES_ERROR;
				CLANG_WARN_DOCUMENTATION_COMMENTS = YES;
				CLANG_WARN_EMPTY_BODY = YES;
				CLANG_WARN_ENUM_CONVERSION = YES;
				CLANG_WARN_INFINITE_RECURSION = YES;
				CLANG_WARN_INT_CONVERSION = YES;
				CLANG_WARN_OBJC_ROOT_CLASS = YES_ERROR;
				CLANG_WARN_SUSPICIOUS_MOVE = YES;
				CLANG_WARN_UNREACHABLE_CODE = YES;
				CLANG_WARN__DUPLICATE_METHOD_MATCH = YES;
				"CODE_SIGN_IDENTITY[sdk=iphoneos*]" = "iPhone Developer";
				COPY_PHASE_STRIP = NO;
				DEBUG_INFORMATION_FORMAT = dwarf;
				ENABLE_STRICT_OBJC_MSGSEND = YES;
				ENABLE_TESTABILITY = YES;
				GCC_C_LANGUAGE_STANDARD = gnu99;
				GCC_DYNAMIC_NO_PIC = NO;
				GCC_NO_COMMON_BLOCKS = YES;
				GCC_OPTIMIZATION_LEVEL = 0;
				GCC_PREPROCESSOR_DEFINITIONS = (
					"DEBUG=1",
					"$(inherited)",
				);
				GCC_WARN_64_TO_32_BIT_CONVERSION = YES;
				GCC_WARN_ABOUT_RETURN_TYPE = YES_ERROR;
				GCC_WARN_UNDECLARED_SELECTOR = YES;
				GCC_WARN_UNINITIALIZED_AUTOS = YES_AGGRESSIVE;
				GCC_WARN_UNUSED_FUNCTION = YES;
				GCC_WARN_UNUSED_VARIABLE = YES;
				IPHONEOS_DEPLOYMENT_TARGET = 10.2;
				MTL_ENABLE_DEBUG_INFO = YES;
				ONLY_ACTIVE_ARCH = YES;
				SDKROOT = iphoneos;
				SWIFT_ACTIVE_COMPILATION_CONDITIONS = DEBUG;
				SWIFT_OPTIMIZATION_LEVEL = "-Onone";
				TARGETED_DEVICE_FAMILY = "1,2";
			};
			name = Debug;
		};
		6787320D1E4AC36200806884 /* Release */ = {
			isa = XCBuildConfiguration;
			buildSettings = {
				ALWAYS_SEARCH_USER_PATHS = NO;
				CLANG_ANALYZER_NONNULL = YES;
				CLANG_CXX_LANGUAGE_STANDARD = "gnu++0x";
				CLANG_CXX_LIBRARY = "libc++";
				CLANG_ENABLE_MODULES = YES;
				CLANG_ENABLE_OBJC_ARC = YES;
				CLANG_WARN_BOOL_CONVERSION = YES;
				CLANG_WARN_CONSTANT_CONVERSION = YES;
				CLANG_WARN_DIRECT_OBJC_ISA_USAGE = YES_ERROR;
				CLANG_WARN_DOCUMENTATION_COMMENTS = YES;
				CLANG_WARN_EMPTY_BODY = YES;
				CLANG_WARN_ENUM_CONVERSION = YES;
				CLANG_WARN_INFINITE_RECURSION = YES;
				CLANG_WARN_INT_CONVERSION = YES;
				CLANG_WARN_OBJC_ROOT_CLASS = YES_ERROR;
				CLANG_WARN_SUSPICIOUS_MOVE = YES;
				CLANG_WARN_UNREACHABLE_CODE = YES;
				CLANG_WARN__DUPLICATE_METHOD_MATCH = YES;
				"CODE_SIGN_IDENTITY[sdk=iphoneos*]" = "iPhone Developer";
				COPY_PHASE_STRIP = NO;
				DEBUG_INFORMATION_FORMAT = "dwarf-with-dsym";
				ENABLE_NS_ASSERTIONS = NO;
				ENABLE_STRICT_OBJC_MSGSEND = YES;
				GCC_C_LANGUAGE_STANDARD = gnu99;
				GCC_NO_COMMON_BLOCKS = YES;
				GCC_WARN_64_TO_32_BIT_CONVERSION = YES;
				GCC_WARN_ABOUT_RETURN_TYPE = YES_ERROR;
				GCC_WARN_UNDECLARED_SELECTOR = YES;
				GCC_WARN_UNINITIALIZED_AUTOS = YES_AGGRESSIVE;
				GCC_WARN_UNUSED_FUNCTION = YES;
				GCC_WARN_UNUSED_VARIABLE = YES;
				IPHONEOS_DEPLOYMENT_TARGET = 10.2;
				MTL_ENABLE_DEBUG_INFO = NO;
				SDKROOT = iphoneos;
				SWIFT_OPTIMIZATION_LEVEL = "-Owholemodule";
				TARGETED_DEVICE_FAMILY = "1,2";
				VALIDATE_PRODUCT = YES;
			};
			name = Release;
		};
		6787320F1E4AC36200806884 /* Debug */ = {
			isa = XCBuildConfiguration;
			baseConfigurationReference = D4D9EFC37A779C2E7E58FDB8 /* Pods-NewsXplore.debug.xcconfig */;
			buildSettings = {
				ASSETCATALOG_COMPILER_APPICON_NAME = AppIcon;
				CODE_SIGN_ENTITLEMENTS = NewsXplore/NewsXplore.entitlements;
				CODE_SIGN_IDENTITY = "";
				"CODE_SIGN_IDENTITY[sdk=iphoneos*]" = "iPhone Developer";
				DEVELOPMENT_TEAM = 4FNJNUQ3AD;
				INFOPLIST_FILE = NewsXplore/Info.plist;
				LD_RUNPATH_SEARCH_PATHS = "$(inherited) @executable_path/Frameworks";
				PRODUCT_BUNDLE_IDENTIFIER = edu.missouri.nx;
				PRODUCT_NAME = "$(TARGET_NAME)";
				PROVISIONING_PROFILE = "";
				PROVISIONING_PROFILE_SPECIFIER = "";
				SWIFT_VERSION = 3.0;
			};
			name = Debug;
		};
		678732101E4AC36200806884 /* Release */ = {
			isa = XCBuildConfiguration;
			baseConfigurationReference = 33C082DDFCB710A22EBAE4A6 /* Pods-NewsXplore.release.xcconfig */;
			buildSettings = {
				ASSETCATALOG_COMPILER_APPICON_NAME = AppIcon;
				CODE_SIGN_ENTITLEMENTS = NewsXplore/NewsXplore.entitlements;
				CODE_SIGN_IDENTITY = "";
				"CODE_SIGN_IDENTITY[sdk=iphoneos*]" = "iPhone Developer";
				DEVELOPMENT_TEAM = 4FNJNUQ3AD;
				INFOPLIST_FILE = NewsXplore/Info.plist;
				LD_RUNPATH_SEARCH_PATHS = "$(inherited) @executable_path/Frameworks";
				PRODUCT_BUNDLE_IDENTIFIER = edu.missouri.nx;
				PRODUCT_NAME = "$(TARGET_NAME)";
				PROVISIONING_PROFILE = "";
				PROVISIONING_PROFILE_SPECIFIER = "";
				SWIFT_VERSION = 3.0;
			};
			name = Release;
		};
		678732121E4AC36200806884 /* Debug */ = {
			isa = XCBuildConfiguration;
			buildSettings = {
				ALWAYS_EMBED_SWIFT_STANDARD_LIBRARIES = YES;
				BUNDLE_LOADER = "$(TEST_HOST)";
				DEVELOPMENT_TEAM = MB545KRNCQ;
				INFOPLIST_FILE = NewsXploreTests/Info.plist;
				LD_RUNPATH_SEARCH_PATHS = "$(inherited) @executable_path/Frameworks @loader_path/Frameworks";
				PRODUCT_BUNDLE_IDENTIFIER = edu.mizzou.NewsXploreTests;
				PRODUCT_NAME = "$(TARGET_NAME)";
				SWIFT_VERSION = 3.0;
				TEST_HOST = "$(BUILT_PRODUCTS_DIR)/NewsXplore.app/NewsXplore";
			};
			name = Debug;
		};
		678732131E4AC36200806884 /* Release */ = {
			isa = XCBuildConfiguration;
			buildSettings = {
				ALWAYS_EMBED_SWIFT_STANDARD_LIBRARIES = YES;
				BUNDLE_LOADER = "$(TEST_HOST)";
				DEVELOPMENT_TEAM = MB545KRNCQ;
				INFOPLIST_FILE = NewsXploreTests/Info.plist;
				LD_RUNPATH_SEARCH_PATHS = "$(inherited) @executable_path/Frameworks @loader_path/Frameworks";
				PRODUCT_BUNDLE_IDENTIFIER = edu.mizzou.NewsXploreTests;
				PRODUCT_NAME = "$(TARGET_NAME)";
				SWIFT_VERSION = 3.0;
				TEST_HOST = "$(BUILT_PRODUCTS_DIR)/NewsXplore.app/NewsXplore";
			};
			name = Release;
		};
		678732151E4AC36200806884 /* Debug */ = {
			isa = XCBuildConfiguration;
			buildSettings = {
				ALWAYS_EMBED_SWIFT_STANDARD_LIBRARIES = YES;
				DEVELOPMENT_TEAM = MB545KRNCQ;
				INFOPLIST_FILE = NewsXploreUITests/Info.plist;
				LD_RUNPATH_SEARCH_PATHS = "$(inherited) @executable_path/Frameworks @loader_path/Frameworks";
				PRODUCT_BUNDLE_IDENTIFIER = edu.mizzou.NewsXploreUITests;
				PRODUCT_NAME = "$(TARGET_NAME)";
				SWIFT_VERSION = 3.0;
				TEST_TARGET_NAME = NewsXplore;
			};
			name = Debug;
		};
		678732161E4AC36200806884 /* Release */ = {
			isa = XCBuildConfiguration;
			buildSettings = {
				ALWAYS_EMBED_SWIFT_STANDARD_LIBRARIES = YES;
				DEVELOPMENT_TEAM = MB545KRNCQ;
				INFOPLIST_FILE = NewsXploreUITests/Info.plist;
				LD_RUNPATH_SEARCH_PATHS = "$(inherited) @executable_path/Frameworks @loader_path/Frameworks";
				PRODUCT_BUNDLE_IDENTIFIER = edu.mizzou.NewsXploreUITests;
				PRODUCT_NAME = "$(TARGET_NAME)";
				SWIFT_VERSION = 3.0;
				TEST_TARGET_NAME = NewsXplore;
			};
			name = Release;
		};
/* End XCBuildConfiguration section */

/* Begin XCConfigurationList section */
		678731DE1E4AC36200806884 /* Build configuration list for PBXProject "NewsXplore" */ = {
			isa = XCConfigurationList;
			buildConfigurations = (
				6787320C1E4AC36200806884 /* Debug */,
				6787320D1E4AC36200806884 /* Release */,
			);
			defaultConfigurationIsVisible = 0;
			defaultConfigurationName = Release;
		};
		6787320E1E4AC36200806884 /* Build configuration list for PBXNativeTarget "NewsXplore" */ = {
			isa = XCConfigurationList;
			buildConfigurations = (
				6787320F1E4AC36200806884 /* Debug */,
				678732101E4AC36200806884 /* Release */,
			);
			defaultConfigurationIsVisible = 0;
			defaultConfigurationName = Release;
		};
		678732111E4AC36200806884 /* Build configuration list for PBXNativeTarget "NewsXploreTests" */ = {
			isa = XCConfigurationList;
			buildConfigurations = (
				678732121E4AC36200806884 /* Debug */,
				678732131E4AC36200806884 /* Release */,
			);
			defaultConfigurationIsVisible = 0;
			defaultConfigurationName = Release;
		};
		678732141E4AC36200806884 /* Build configuration list for PBXNativeTarget "NewsXploreUITests" */ = {
			isa = XCConfigurationList;
			buildConfigurations = (
				678732151E4AC36200806884 /* Debug */,
				678732161E4AC36200806884 /* Release */,
			);
			defaultConfigurationIsVisible = 0;
			defaultConfigurationName = Release;
		};
/* End XCConfigurationList section */

/* Begin XCVersionGroup section */
		678731ED1E4AC36200806884 /* NewsXplore.xcdatamodeld */ = {
			isa = XCVersionGroup;
			children = (
				678731EE1E4AC36200806884 /* NewsXplore.xcdatamodel */,
			);
			currentVersion = 678731EE1E4AC36200806884 /* NewsXplore.xcdatamodel */;
			path = NewsXplore.xcdatamodeld;
			sourceTree = "<group>";
			versionGroupType = wrapper.xcdatamodel;
		};
/* End XCVersionGroup section */
	};
	rootObject = 678731DB1E4AC36200806884 /* Project object */;
}
